
Microsoft Visual Studio Solution File, Format Version 12.00
# Visual Studio 15
VisualStudioVersion = 15.0.27428.2037
MinimumVisualStudioVersion = 10.0.40219.1
Project("{9A19103F-16F7-4668-BE54-9A1E7A4F7556}") = "KANServiceBase", "KANServiceBase\KANServiceBase.csproj", "{49FF4856-4E51-4C04-B0F6-980A214ED152}"
EndProject
Project("{9A19103F-16F7-4668-BE54-9A1E7A4F7556}") = "Entity", "Entity\Entity.csproj", "{62C589F8-B200-481B-BF9F-0DCCCE66527B}"
EndProject
Project("{9A19103F-16F7-4668-BE54-9A1E7A4F7556}") = "DAL", "DAL\DAL.csproj", "{CBBD2A61-3980-4F4B-9DB5-69D3D2339B39}"
EndProject
Project("{FAE04EC0-301F-11D3-BF4B-00C04F79EFBC}") = "Service", "Service\Service.csproj", "{5A16A344-D7E2-4508-A64E-2C6D3212CDB2}"
EndProject
Global
	GlobalSection(SolutionConfigurationPlatforms) = preSolution
		Debug|Any CPU = Debug|Any CPU
		Release|Any CPU = Release|Any CPU
	EndGlobalSection
	GlobalSection(ProjectConfigurationPlatforms) = postSolution
		{49FF4856-4E51-4C04-B0F6-980A214ED152}.Debug|Any CPU.ActiveCfg = Debug|Any CPU
		{49FF4856-4E51-4C04-B0F6-980A214ED152}.Debug|Any CPU.Build.0 = Debug|Any CPU
		{49FF4856-4E51-4C04-B0F6-980A214ED152}.Release|Any CPU.ActiveCfg = Release|Any CPU
		{49FF4856-4E51-4C04-B0F6-980A214ED152}.Release|Any CPU.Build.0 = Release|Any CPU
		{62C589F8-B200-481B-BF9F-0DCCCE66527B}.Debug|Any CPU.ActiveCfg = Debug|Any CPU
		{62C589F8-B200-481B-BF9F-0DCCCE66527B}.Debug|Any CPU.Build.0 = Debug|Any CPU
		{62C589F8-B200-481B-BF9F-0DCCCE66527B}.Release|Any CPU.ActiveCfg = Release|Any CPU
		{62C589F8-B200-481B-BF9F-0DCCCE66527B}.Release|Any CPU.Build.0 = Release|Any CPU
		{CBBD2A61-3980-4F4B-9DB5-69D3D2339B39}.Debug|Any CPU.ActiveCfg = Debug|Any CPU
		{CBBD2A61-3980-4F4B-9DB5-69D3D2339B39}.Debug|Any CPU.Build.0 = Debug|Any CPU
		{CBBD2A61-3980-4F4B-9DB5-69D3D2339B39}.Release|Any CPU.ActiveCfg = Release|Any CPU
		{CBBD2A61-3980-4F4B-9DB5-69D3D2339B39}.Release|Any CPU.Build.0 = Release|Any CPU
		{5A16A344-D7E2-4508-A64E-2C6D3212CDB2}.Debug|Any CPU.ActiveCfg = Debug|Any CPU
		{5A16A344-D7E2-4508-A64E-2C6D3212CDB2}.Debug|Any CPU.Build.0 = Debug|Any CPU
		{5A16A344-D7E2-4508-A64E-2C6D3212CDB2}.Release|Any CPU.ActiveCfg = Release|Any CPU
		{5A16A344-D7E2-4508-A64E-2C6D3212CDB2}.Release|Any CPU.Build.0 = Release|Any CPU
	EndGlobalSection
	GlobalSection(SolutionProperties) = preSolution
		HideSolutionNode = FALSE
	EndGlobalSection
	GlobalSection(ExtensibilityGlobals) = postSolution
		SolutionGuid = {AC300A3E-2C9D-4126-BEBA-1ED0666A39C7}
	EndGlobalSection
EndGlobal
